
Microsoft Visual Studio Solution File, Format Version 12.00
# Visual Studio 15
VisualStudioVersion = 15.0.28010.2016
MinimumVisualStudioVersion = 10.0.40219.1
Project("{FAE04EC0-301F-11D3-BF4B-00C04F79EFBC}") = "datagridview", "datagridview\datagridview.csproj", "{6B2AF109-AD53-4383-A479-FE933C5CAAC1}"
EndProject
Global
	GlobalSection(SolutionConfigurationPlatforms) = preSolution
		Debug|Any CPU = Debug|Any CPU
		Release|Any CPU = Release|Any CPU
	EndGlobalSection
	GlobalSection(ProjectConfigurationPlatforms) = postSolution
		{6B2AF109-AD53-4383-A479-FE933C5CAAC1}.Debug|Any CPU.ActiveCfg = Debug|Any CPU
		{6B2AF109-AD53-4383-A479-FE933C5CAAC1}.Debug|Any CPU.Build.0 = Debug|Any CPU
		{6B2AF109-AD53-4383-A479-FE933C5CAAC1}.Release|Any CPU.ActiveCfg = Release|Any CPU
		{6B2AF109-AD53-4383-A479-FE933C5CAAC1}.Release|Any CPU.Build.0 = Release|Any CPU
	EndGlobalSection
	GlobalSection(SolutionProperties) = preSolution
		HideSolutionNode = FALSE
	EndGlobalSection
	GlobalSection(ExtensibilityGlobals) = postSolution
		SolutionGuid = {76F82CA7-E53E-4063-8917-CFB4AC1E1021}
	EndGlobalSection
EndGlobal
