
Microsoft Visual Studio Solution File, Format Version 12.00
# Visual Studio 15
VisualStudioVersion = 15.0.28010.2016
MinimumVisualStudioVersion = 10.0.40219.1
Project("{FAE04EC0-301F-11D3-BF4B-00C04F79EFBC}") = "bai2", "bai2\bai2.csproj", "{A8DFE9FB-2FE9-477F-B1E7-99C4B8A8D065}"
EndProject
Global
	GlobalSection(SolutionConfigurationPlatforms) = preSolution
		Debug|Any CPU = Debug|Any CPU
		Release|Any CPU = Release|Any CPU
	EndGlobalSection
	GlobalSection(ProjectConfigurationPlatforms) = postSolution
		{A8DFE9FB-2FE9-477F-B1E7-99C4B8A8D065}.Debug|Any CPU.ActiveCfg = Debug|Any CPU
		{A8DFE9FB-2FE9-477F-B1E7-99C4B8A8D065}.Debug|Any CPU.Build.0 = Debug|Any CPU
		{A8DFE9FB-2FE9-477F-B1E7-99C4B8A8D065}.Release|Any CPU.ActiveCfg = Release|Any CPU
		{A8DFE9FB-2FE9-477F-B1E7-99C4B8A8D065}.Release|Any CPU.Build.0 = Release|Any CPU
	EndGlobalSection
	GlobalSection(SolutionProperties) = preSolution
		HideSolutionNode = FALSE
	EndGlobalSection
	GlobalSection(ExtensibilityGlobals) = postSolution
		SolutionGuid = {6AC7D8A3-72BA-450A-991D-14A3A7B57400}
	EndGlobalSection
EndGlobal
